Options +FollowSymlinks
RewriteEngine On
RewriteCond %{HTTPS} !=on
RewriteRule ^(.*)$ https://%{HTTP_HOST}%{REQUEST_URI} [L,R=301,NE] 

# ----------------------------------------------------------------------
# Prevent 404 errors for non-existing redirected folders
# ----------------------------------------------------------------------

# without -MultiViews, Apache will give a 404 for a rewrite if a folder of the same name does not exist
#   e.g. /blog/hello : webmasterworld.com/apache/3808792.htm

Options -MultiViews

# ----------------------------------------------------------------------
# Custom 404 page
# ----------------------------------------------------------------------

# You can add custom pages to handle 500 or 403 pretty easily, if you like.
ErrorDocument 404 /index.html